
Microsoft Visual Studio Solution File, Format Version 12.00
# Visual Studio 2013
VisualStudioVersion = 12.0.31101.0
MinimumVisualStudioVersion = 10.0.40219.1
Project("{FAE04EC0-301F-11D3-BF4B-00C04F79EFBC}") = "AcademyPlatform.Data", "AcademyPlatform.Data\AcademyPlatform.Data.csproj", "{8AD83099-290D-4B21-B517-6DF1099F14B1}"
EndProject
Project("{FAE04EC0-301F-11D3-BF4B-00C04F79EFBC}") = "AcademyPlatform.Models", "AcademyPlatform.Models\AcademyPlatform.Models.csproj", "{A9F65F1E-F7FA-4C33-8092-CBA90776843B}"
EndProject
Project("{FAE04EC0-301F-11D3-BF4B-00C04F79EFBC}") = "AcademyPlatform.Services", "AcademyPlatform.Services\AcademyPlatform.Services.csproj", "{3901EFC5-27FE-4590-BB9A-9FFD3A0B6617}"
EndProject
Project("{FAE04EC0-301F-11D3-BF4B-00C04F79EFBC}") = "AcademyPlatform.Common", "AcademyPlatform.Common\AcademyPlatform.Common.csproj", "{4FE2CE8A-36FF-4FE7-9459-E72B1DA8652C}"
EndProject
Project("{FAE04EC0-301F-11D3-BF4B-00C04F79EFBC}") = "AcademyPlatform.Web", "AcademyPlatform.Web\AcademyPlatform.Web.csproj", "{13913680-924A-46EC-9221-AA37386A8D0A}"
EndProject
Project("{FAE04EC0-301F-11D3-BF4B-00C04F79EFBC}") = "AcademyPlatform.Web.Infrastructure", "AcademyPlatform.Web.Infrastructure\AcademyPlatform.Web.Infrastructure.csproj", "{8AE5320D-2EE3-4891-8363-59D3E1CA3059}"
EndProject
Project("{FAE04EC0-301F-11D3-BF4B-00C04F79EFBC}") = "AcademyPlatform.Web.Models", "AcademyPlatform.Web.Models\AcademyPlatform.Web.Models.csproj", "{3F351C2D-799A-48FE-84F8-6C5412B6D060}"
EndProject
Project("{2150E333-8FDC-42A3-9474-1A3956D46DE8}") = "Solution Items", "Solution Items", "{2874FB7D-E4F4-4210-BA51-7EFFD0FE8690}"
	ProjectSection(SolutionItems) = preProject
		WebEssentials-Settings.json = WebEssentials-Settings.json
	EndProjectSection
EndProject
Global
	GlobalSection(SolutionConfigurationPlatforms) = preSolution
		Debug|Any CPU = Debug|Any CPU
		Release|Any CPU = Release|Any CPU
	EndGlobalSection
	GlobalSection(ProjectConfigurationPlatforms) = postSolution
		{8AD83099-290D-4B21-B517-6DF1099F14B1}.Debug|Any CPU.ActiveCfg = Debug|Any CPU
		{8AD83099-290D-4B21-B517-6DF1099F14B1}.Debug|Any CPU.Build.0 = Debug|Any CPU
		{8AD83099-290D-4B21-B517-6DF1099F14B1}.Release|Any CPU.ActiveCfg = Release|Any CPU
		{8AD83099-290D-4B21-B517-6DF1099F14B1}.Release|Any CPU.Build.0 = Release|Any CPU
		{A9F65F1E-F7FA-4C33-8092-CBA90776843B}.Debug|Any CPU.ActiveCfg = Debug|Any CPU
		{A9F65F1E-F7FA-4C33-8092-CBA90776843B}.Debug|Any CPU.Build.0 = Debug|Any CPU
		{A9F65F1E-F7FA-4C33-8092-CBA90776843B}.Release|Any CPU.ActiveCfg = Release|Any CPU
		{A9F65F1E-F7FA-4C33-8092-CBA90776843B}.Release|Any CPU.Build.0 = Release|Any CPU
		{3901EFC5-27FE-4590-BB9A-9FFD3A0B6617}.Debug|Any CPU.ActiveCfg = Debug|Any CPU
		{3901EFC5-27FE-4590-BB9A-9FFD3A0B6617}.Debug|Any CPU.Build.0 = Debug|Any CPU
		{3901EFC5-27FE-4590-BB9A-9FFD3A0B6617}.Release|Any CPU.ActiveCfg = Release|Any CPU
		{3901EFC5-27FE-4590-BB9A-9FFD3A0B6617}.Release|Any CPU.Build.0 = Release|Any CPU
		{4FE2CE8A-36FF-4FE7-9459-E72B1DA8652C}.Debug|Any CPU.ActiveCfg = Debug|Any CPU
		{4FE2CE8A-36FF-4FE7-9459-E72B1DA8652C}.Debug|Any CPU.Build.0 = Debug|Any CPU
		{4FE2CE8A-36FF-4FE7-9459-E72B1DA8652C}.Release|Any CPU.ActiveCfg = Release|Any CPU
		{4FE2CE8A-36FF-4FE7-9459-E72B1DA8652C}.Release|Any CPU.Build.0 = Release|Any CPU
		{13913680-924A-46EC-9221-AA37386A8D0A}.Debug|Any CPU.ActiveCfg = Debug|Any CPU
		{13913680-924A-46EC-9221-AA37386A8D0A}.Debug|Any CPU.Build.0 = Debug|Any CPU
		{13913680-924A-46EC-9221-AA37386A8D0A}.Release|Any CPU.ActiveCfg = Release|Any CPU
		{13913680-924A-46EC-9221-AA37386A8D0A}.Release|Any CPU.Build.0 = Release|Any CPU
		{8AE5320D-2EE3-4891-8363-59D3E1CA3059}.Debug|Any CPU.ActiveCfg = Debug|Any CPU
		{8AE5320D-2EE3-4891-8363-59D3E1CA3059}.Debug|Any CPU.Build.0 = Debug|Any CPU
		{8AE5320D-2EE3-4891-8363-59D3E1CA3059}.Release|Any CPU.ActiveCfg = Release|Any CPU
		{8AE5320D-2EE3-4891-8363-59D3E1CA3059}.Release|Any CPU.Build.0 = Release|Any CPU
		{3F351C2D-799A-48FE-84F8-6C5412B6D060}.Debug|Any CPU.ActiveCfg = Debug|Any CPU
		{3F351C2D-799A-48FE-84F8-6C5412B6D060}.Debug|Any CPU.Build.0 = Debug|Any CPU
		{3F351C2D-799A-48FE-84F8-6C5412B6D060}.Release|Any CPU.ActiveCfg = Release|Any CPU
		{3F351C2D-799A-48FE-84F8-6C5412B6D060}.Release|Any CPU.Build.0 = Release|Any CPU
	EndGlobalSection
	GlobalSection(SolutionProperties) = preSolution
		HideSolutionNode = FALSE
	EndGlobalSection
EndGlobal
